
Microsoft Visual Studio Solution File, Format Version 12.00
# Visual Studio Version 16
VisualStudioVersion = 16.0.29920.165
MinimumVisualStudioVersion = 10.0.40219.1
Project("{FAE04EC0-301F-11D3-BF4B-00C04F79EFBC}") = "Honeybee.UI", "src\Honeybee.UI\Honeybee.UI.csproj", "{2BCA5DA3-6EE5-4D59-BB33-E8C327E49145}"
EndProject
Project("{FAE04EC0-301F-11D3-BF4B-00C04F79EFBC}") = "Honeybee.UI.ConsoleApp", "src\Honeybee.UI.ConsoleApp\Honeybee.UI.ConsoleApp.csproj", "{DFC2C235-FDC0-482B-B9C7-B22E97AC927F}"
EndProject
Project("{2150E333-8FDC-42A3-9474-1A3956D46DE8}") = "Demo", "Demo", "{D7B700E8-C192-44CA-A5C0-CD5BB57CED9C}"
EndProject
Global
	GlobalSection(SolutionConfigurationPlatforms) = preSolution
		Debug|Any CPU = Debug|Any CPU
		Release_Rhino|Any CPU = Release_Rhino|Any CPU
		Release|Any CPU = Release|Any CPU
	EndGlobalSection
	GlobalSection(ProjectConfigurationPlatforms) = postSolution
		{2BCA5DA3-6EE5-4D59-BB33-E8C327E49145}.Debug|Any CPU.ActiveCfg = Debug|Any CPU
		{2BCA5DA3-6EE5-4D59-BB33-E8C327E49145}.Debug|Any CPU.Build.0 = Debug|Any CPU
		{2BCA5DA3-6EE5-4D59-BB33-E8C327E49145}.Release_Rhino|Any CPU.ActiveCfg = Release_Rhino|Any CPU
		{2BCA5DA3-6EE5-4D59-BB33-E8C327E49145}.Release_Rhino|Any CPU.Build.0 = Release_Rhino|Any CPU
		{2BCA5DA3-6EE5-4D59-BB33-E8C327E49145}.Release|Any CPU.ActiveCfg = Release|Any CPU
		{2BCA5DA3-6EE5-4D59-BB33-E8C327E49145}.Release|Any CPU.Build.0 = Release|Any CPU
		{DFC2C235-FDC0-482B-B9C7-B22E97AC927F}.Debug|Any CPU.ActiveCfg = Debug|Any CPU
		{DFC2C235-FDC0-482B-B9C7-B22E97AC927F}.Debug|Any CPU.Build.0 = Debug|Any CPU
		{DFC2C235-FDC0-482B-B9C7-B22E97AC927F}.Release_Rhino|Any CPU.ActiveCfg = Release|Any CPU
		{DFC2C235-FDC0-482B-B9C7-B22E97AC927F}.Release|Any CPU.ActiveCfg = Release|Any CPU
		{DFC2C235-FDC0-482B-B9C7-B22E97AC927F}.Release|Any CPU.Build.0 = Release|Any CPU
	EndGlobalSection
	GlobalSection(SolutionProperties) = preSolution
		HideSolutionNode = FALSE
	EndGlobalSection
	GlobalSection(NestedProjects) = preSolution
		{DFC2C235-FDC0-482B-B9C7-B22E97AC927F} = {D7B700E8-C192-44CA-A5C0-CD5BB57CED9C}
	EndGlobalSection
	GlobalSection(ExtensibilityGlobals) = postSolution
		SolutionGuid = {8A3DEBFE-61D4-446D-9510-C8ED9ACF618D}
	EndGlobalSection
EndGlobal
